<?xml version="1.0" encoding="utf-8"?>
<Project ToolsVersion="4.0" xmlns="http://schemas.microsoft.com/developer/msbuild/2003">
  <ItemGroup>
    <ClCompile Include="..\Common\FLEngineApp.cpp" />
    <ClCompile Include="..\Common\Waves.cpp" />
    <ClCompile Include="main.cpp" />
    <ClCompile Include="BlendApp.cpp" />
  </ItemGroup>
  <ItemGroup>
    <ClInclude Include="..\Common\FLEngineApp.h" />
    <ClInclude Include="..\Common\Waves.h" />
    <ClInclude Include="BlendApp.h" />
  </ItemGroup>
  <ItemGroup>
    <Filter Include="Shaders">
      <UniqueIdentifier>{26a9efdf-dc8e-4296-8a37-c8c063433752}</UniqueIdentifier>
    </Filter>
  </ItemGroup>
  <ItemGroup>
    <None Include="..\Common\LightingUtil.hlsli">
      <Filter>Shaders</Filter>
    </None>
  </ItemGroup>
  <ItemGroup>
    <FxCompile Include="Shaders\BlendApp.hlsl">
      <Filter>Shaders</Filter>
    </FxCompile>
    <FxCompile Include="Shaders\DepthComplexity.hlsl">
      <Filter>Shaders</Filter>
    </FxCompile>
    <FxCompile Include="Shaders\DC2.hlsl">
      <Filter>Shaders</Filter>
    </FxCompile>
  </ItemGroup>
</Project>