<?xml version="1.0" encoding="utf-8"?>
<Project ToolsVersion="4.0" xmlns="http://schemas.microsoft.com/developer/msbuild/2003">
  <ItemGroup>
    <ClCompile Include="..\Common\Demo.cpp" />
    <ClCompile Include="BoxAndPyramidDemo.cpp" />
    <ClCompile Include="BoxAndPyramidMesh.cpp" />
    <ClCompile Include="main.cpp" />
  </ItemGroup>
  <ItemGroup>
    <ClInclude Include="..\Common\Demo.h" />
    <ClInclude Include="..\Common\Vertex.h" />
    <ClInclude Include="BoxAndPyramidDemo.h" />
    <ClInclude Include="BoxAndPyramidMesh.h" />
  </ItemGroup>
  <ItemGroup>
    <Filter Include="Shaders">
      <UniqueIdentifier>{f0051cc1-bb3d-4956-a337-cc823809c0dd}</UniqueIdentifier>
    </Filter>
  </ItemGroup>
  <ItemGroup>
    <None Include="Shaders\BoxAndPymaridDemoShader.hlsl">
      <Filter>Shaders</Filter>
    </None>
  </ItemGroup>
</Project>