<?xml version="1.0" encoding="utf-8"?>
<Project ToolsVersion="4.0" xmlns="http://schemas.microsoft.com/developer/msbuild/2003">
  <ItemGroup>
    <ClCompile Include="main.cpp" />
    <ClCompile Include="PyramidMesh.cpp" />
    <ClCompile Include="PyramidDemo.cpp" />
    <ClCompile Include="..\Common\Demo.cpp" />
  </ItemGroup>
  <ItemGroup>
    <ClInclude Include="PyramidMesh.h" />
    <ClInclude Include="PyramidDemo.h" />
    <ClInclude Include="..\Common\Demo.h" />
    <ClInclude Include="..\Common\Vertex.h" />
  </ItemGroup>
  <ItemGroup>
    <Filter Include="Shaders">
      <UniqueIdentifier>{a0ed883a-ed6b-4f17-8f34-96c446485efe}</UniqueIdentifier>
    </Filter>
  </ItemGroup>
  <ItemGroup>
    <FxCompile Include="Shaders\PyramidDemoShader.hlsl">
      <Filter>Shaders</Filter>
    </FxCompile>
  </ItemGroup>
</Project>