<?xml version="1.0" encoding="utf-8"?>
<Project ToolsVersion="4.0" xmlns="http://schemas.microsoft.com/developer/msbuild/2003">
  <ItemGroup>
    <Filter Include="src">
      <UniqueIdentifier>{20796519-e42e-4ca5-8558-8223ab5c8929}</UniqueIdentifier>
    </Filter>
  </ItemGroup>
  <ItemGroup>
    <ClInclude Include="src\BaseTypes.h">
      <Filter>src</Filter>
    </ClInclude>
    <ClInclude Include="src\DataBinary.h">
      <Filter>src</Filter>
    </ClInclude>
    <ClInclude Include="src\DataElement.h">
      <Filter>src</Filter>
    </ClInclude>
    <ClInclude Include="src\M2.h">
      <Filter>src</Filter>
    </ClInclude>
    <ClInclude Include="src\M2Element.h">
      <Filter>src</Filter>
    </ClInclude>
    <ClInclude Include="src\M2I.h">
      <Filter>src</Filter>
    </ClInclude>
    <ClInclude Include="src\M2Skin.h">
      <Filter>src</Filter>
    </ClInclude>
    <ClInclude Include="src\M2SkinBuilder.h">
      <Filter>src</Filter>
    </ClInclude>
    <ClInclude Include="src\M2SkinElement.h">
      <Filter>src</Filter>
    </ClInclude>
    <ClInclude Include="src\M2Types.h">
      <Filter>src</Filter>
    </ClInclude>
    <ClInclude Include="src\Version.h">
      <Filter>src</Filter>
    </ClInclude>
  </ItemGroup>
  <ItemGroup>
    <ClCompile Include="src\DataBinary.cpp">
      <Filter>src</Filter>
    </ClCompile>
    <ClCompile Include="src\DataElement.cpp">
      <Filter>src</Filter>
    </ClCompile>
    <ClCompile Include="src\M2.cpp">
      <Filter>src</Filter>
    </ClCompile>
    <ClCompile Include="src\M2Element.cpp">
      <Filter>src</Filter>
    </ClCompile>
    <ClCompile Include="src\M2I.cpp">
      <Filter>src</Filter>
    </ClCompile>
    <ClCompile Include="src\M2Skin.cpp">
      <Filter>src</Filter>
    </ClCompile>
    <ClCompile Include="src\M2SkinBuilder.cpp">
      <Filter>src</Filter>
    </ClCompile>
    <ClCompile Include="src\M2SkinElement.cpp">
      <Filter>src</Filter>
    </ClCompile>
    <ClCompile Include="src\M2Types.cpp">
      <Filter>src</Filter>
    </ClCompile>
  </ItemGroup>
</Project>