<?xml version="1.0" encoding="utf-8"?>
<Project ToolsVersion="4.0" xmlns="http://schemas.microsoft.com/developer/msbuild/2003">
  <ItemGroup>
    <ClCompile Include="main.cpp" />
    <ClCompile Include="..\Common\FLEngineApp.cpp" />
    <ClCompile Include="CrateApp.cpp" />
  </ItemGroup>
  <ItemGroup>
    <ClInclude Include="..\Common\FLEngineApp.h" />
    <ClInclude Include="CrateApp.h" />
  </ItemGroup>
  <ItemGroup>
    <Filter Include="Shaders">
      <UniqueIdentifier>{467bb725-da3a-4711-be67-3def71253f01}</UniqueIdentifier>
    </Filter>
  </ItemGroup>
  <ItemGroup>
    <None Include="..\Common\LightingUtil.hlsli">
      <Filter>Shaders</Filter>
    </None>
    <None Include="Shaders\CrateApp.hlsl">
      <Filter>Shaders</Filter>
    </None>
  </ItemGroup>
</Project>