<?xml version="1.0" encoding="utf-8"?>
<Project ToolsVersion="4.0" xmlns="http://schemas.microsoft.com/developer/msbuild/2003">
  <ItemGroup>
    <ClCompile Include="src\Exception\FLException.cpp">
      <Filter>src\Exception</Filter>
    </ClCompile>
    <ClCompile Include="src\Timer\FLStopWatch.cpp">
      <Filter>src\Timer</Filter>
    </ClCompile>
    <ClCompile Include="src\FLEngine.cpp">
      <Filter>src</Filter>
    </ClCompile>
    <ClCompile Include="src\Window\FLWindow.cpp">
      <Filter>src\Window</Filter>
    </ClCompile>
    <ClCompile Include="src\Renderer\FLRenderer.cpp">
      <Filter>src\Renderer</Filter>
    </ClCompile>
    <ClCompile Include="src\Scene\FLScene.cpp">
      <Filter>src\Scene</Filter>
    </ClCompile>
    <ClCompile Include="src\Renderer\FLRendererMS.cpp">
      <Filter>src\Renderer</Filter>
    </ClCompile>
  </ItemGroup>
  <ItemGroup>
    <ClInclude Include="header\FLEngine.h">
      <Filter>public</Filter>
    </ClInclude>
    <ClInclude Include="src\Exception\FLException.h">
      <Filter>src\Exception</Filter>
    </ClInclude>
    <ClInclude Include="src\Timer\FLStopWatch.h">
      <Filter>src\Timer</Filter>
    </ClInclude>
    <ClInclude Include="src\Matrix\FLMatrix4X4.h">
      <Filter>src\Matrix</Filter>
    </ClInclude>
    <ClInclude Include="src\Matrix\FLMatrixHelper.h">
      <Filter>src\Matrix</Filter>
    </ClInclude>
    <ClInclude Include="src\Matrix\FLMatrixMXN.h">
      <Filter>src\Matrix</Filter>
    </ClInclude>
    <ClInclude Include="src\Matrix\FLMatrixNXN.h">
      <Filter>src\Matrix</Filter>
    </ClInclude>
    <ClInclude Include="header\FLMatrix.h">
      <Filter>public</Filter>
    </ClInclude>
    <ClInclude Include="src\ViewFrustum\FLViewFrustum.h">
      <Filter>src\ViewFrustum</Filter>
    </ClInclude>
    <ClInclude Include="src\3rd_utils\d3dx12.h">
      <Filter>src\3rd_utils</Filter>
    </ClInclude>
    <ClInclude Include="src\FLD3DUtils.h">
      <Filter>src</Filter>
    </ClInclude>
    <ClInclude Include="src\FLTypeDefs.h">
      <Filter>src</Filter>
    </ClInclude>
    <ClInclude Include="src\Window\FLWindow.h">
      <Filter>src\Window</Filter>
    </ClInclude>
    <ClInclude Include="src\Renderer\FLRenderer.h">
      <Filter>src\Renderer</Filter>
    </ClInclude>
    <ClInclude Include="src\Scene\FLScene.h">
      <Filter>src\Scene</Filter>
    </ClInclude>
    <ClInclude Include="src\Renderer\FLRendererMS.h">
      <Filter>src\Renderer</Filter>
    </ClInclude>
    <ClInclude Include="src\Timer\FLStepTimer.h">
      <Filter>src\Timer</Filter>
    </ClInclude>
  </ItemGroup>
  <ItemGroup>
    <Filter Include="src">
      <UniqueIdentifier>{ac396dc4-3e19-4387-b162-4f59c32b69e7}</UniqueIdentifier>
    </Filter>
    <Filter Include="public">
      <UniqueIdentifier>{2507fd4c-0cf6-4c23-90d8-25d63ea96167}</UniqueIdentifier>
    </Filter>
    <Filter Include="src\Exception">
      <UniqueIdentifier>{9af05bda-8cb4-4382-bedf-f423c1097b27}</UniqueIdentifier>
    </Filter>
    <Filter Include="src\Matrix">
      <UniqueIdentifier>{2d7bb2d0-7371-4a19-9d34-c5043953ad74}</UniqueIdentifier>
    </Filter>
    <Filter Include="src\Timer">
      <UniqueIdentifier>{90ad99a3-c6fd-4702-ba4d-6c2fe8b662dd}</UniqueIdentifier>
    </Filter>
    <Filter Include="src\ViewFrustum">
      <UniqueIdentifier>{c9c4c1d5-0825-4d5a-9d83-8664d9aa53d2}</UniqueIdentifier>
    </Filter>
    <Filter Include="src\3rd_utils">
      <UniqueIdentifier>{636ba85f-36e2-4cf7-bfea-10b795a054df}</UniqueIdentifier>
    </Filter>
    <Filter Include="src\Window">
      <UniqueIdentifier>{61db206a-9aba-4211-a333-6720813ef5b1}</UniqueIdentifier>
    </Filter>
    <Filter Include="src\Renderer">
      <UniqueIdentifier>{1c16f9b4-a75f-429a-a1e8-c15a730b76cb}</UniqueIdentifier>
    </Filter>
    <Filter Include="src\Scene">
      <UniqueIdentifier>{4c7cee6a-aa50-4830-a6f2-d2480ba3b361}</UniqueIdentifier>
    </Filter>
  </ItemGroup>
</Project>