<?xml version="1.0" encoding="utf-8"?>
<Project ToolsVersion="4.0" xmlns="http://schemas.microsoft.com/developer/msbuild/2003">
  <ItemGroup>
    <ClCompile Include="src\Exception\FLException.cpp">
      <Filter>src\Exception</Filter>
    </ClCompile>
    <ClCompile Include="src\Timer\FLStopWatch.cpp">
      <Filter>src\Timer</Filter>
    </ClCompile>
    <ClCompile Include="src\Window\FLWindow.cpp">
      <Filter>src\Window</Filter>
    </ClCompile>
    <ClCompile Include="src\Scene\FLScene.cpp">
      <Filter>src\Scene</Filter>
    </ClCompile>
    <ClCompile Include="src\Scene\Shape\FLD3DMesh.cpp">
      <Filter>src\Scene\Shape</Filter>
    </ClCompile>
    <ClCompile Include="src\Scene\Shape\FLMesh.cpp">
      <Filter>src\Scene\Shape</Filter>
    </ClCompile>
    <ClCompile Include="src\Scene\Primitive\FLPrimitive.cpp">
      <Filter>src\Scene\Primitive</Filter>
    </ClCompile>
    <ClCompile Include="src\Scene\Primitive\FLD3DPrimitive.cpp">
      <Filter>src\Scene\Primitive</Filter>
    </ClCompile>
    <ClCompile Include="src\Scene\Vertex\FLVertex.cpp">
      <Filter>src\Scene\Vertex</Filter>
    </ClCompile>
    <ClCompile Include="src\Engine\FLEngine.cpp">
      <Filter>src\Engine</Filter>
    </ClCompile>
    <ClCompile Include="src\FLD3DUtils.cpp">
      <Filter>src</Filter>
    </ClCompile>
    <ClCompile Include="src\ShaderWrapper\FLD3DShaderWrapper.cpp">
      <Filter>src\ShaderWrapper</Filter>
    </ClCompile>
    <ClCompile Include="src\ShaderWrapper\FLShaderWrapper.cpp">
      <Filter>src\ShaderWrapper</Filter>
    </ClCompile>
    <ClCompile Include="src\Renderer\FLD3DRenderer.cpp">
      <Filter>src\Renderer</Filter>
    </ClCompile>
    <ClCompile Include="src\Renderer\FLRenderer.cpp">
      <Filter>src\Renderer</Filter>
    </ClCompile>
    <ClCompile Include="src\PSOManager\FLPSOManager.cpp">
      <Filter>src\PSOManager</Filter>
    </ClCompile>
    <ClCompile Include="src\PSOManager\FLD3DPSOManager.cpp">
      <Filter>src\PSOManager</Filter>
    </ClCompile>
    <ClCompile Include="src\FrameResource\FLFrameResource.cpp">
      <Filter>src\FrameResource</Filter>
    </ClCompile>
    <ClCompile Include="src\FrameResource\FLD3DFrameResource.cpp">
      <Filter>src\FrameResource</Filter>
    </ClCompile>
    <ClCompile Include="src\Scene\RenderItem\FLD3DRenderItem.cpp">
      <Filter>src\Scene\RenderItem</Filter>
    </ClCompile>
    <ClCompile Include="src\GeometryHelper\FLGeometryGenerator.cpp">
      <Filter>src\GeometryHelper</Filter>
    </ClCompile>
    <ClCompile Include="src\MathHelper\FLMathHelper.cpp">
      <Filter>src\MathHelper</Filter>
    </ClCompile>
    <ClCompile Include="src\GeometryHelper\PLYLoader.cpp">
      <Filter>src\GeometryHelper</Filter>
    </ClCompile>
    <ClCompile Include="src\3rd_utils\tinyply.cpp">
      <Filter>src\3rd_utils</Filter>
    </ClCompile>
    <ClCompile Include="src\3rd_utils\FLConsole.cpp">
      <Filter>src\3rd_utils</Filter>
    </ClCompile>
    <ClCompile Include="src\Noise\FLNoise.cpp">
      <Filter>src\Noise</Filter>
    </ClCompile>
  </ItemGroup>
  <ItemGroup>
    <ClInclude Include="src\Exception\FLException.h">
      <Filter>src\Exception</Filter>
    </ClInclude>
    <ClInclude Include="src\Timer\FLStopWatch.h">
      <Filter>src\Timer</Filter>
    </ClInclude>
    <ClInclude Include="src\Matrix\FLMatrix4X4.h">
      <Filter>src\Matrix</Filter>
    </ClInclude>
    <ClInclude Include="src\Matrix\FLMatrixHelper.h">
      <Filter>src\Matrix</Filter>
    </ClInclude>
    <ClInclude Include="src\Matrix\FLMatrixMXN.h">
      <Filter>src\Matrix</Filter>
    </ClInclude>
    <ClInclude Include="src\Matrix\FLMatrixNXN.h">
      <Filter>src\Matrix</Filter>
    </ClInclude>
    <ClInclude Include="src\ViewFrustum\FLViewFrustum.h">
      <Filter>src\ViewFrustum</Filter>
    </ClInclude>
    <ClInclude Include="src\3rd_utils\d3dx12.h">
      <Filter>src\3rd_utils</Filter>
    </ClInclude>
    <ClInclude Include="src\FLD3DUtils.h">
      <Filter>src</Filter>
    </ClInclude>
    <ClInclude Include="src\FLTypeDefs.h">
      <Filter>src</Filter>
    </ClInclude>
    <ClInclude Include="src\Window\FLWindow.h">
      <Filter>src\Window</Filter>
    </ClInclude>
    <ClInclude Include="src\Scene\FLScene.h">
      <Filter>src\Scene</Filter>
    </ClInclude>
    <ClInclude Include="src\Scene\Shape\FLD3DMesh.h">
      <Filter>src\Scene\Shape</Filter>
    </ClInclude>
    <ClInclude Include="src\Scene\Shape\FLMesh.h">
      <Filter>src\Scene\Shape</Filter>
    </ClInclude>
    <ClInclude Include="src\Scene\Primitive\FLPrimitive.h">
      <Filter>src\Scene\Primitive</Filter>
    </ClInclude>
    <ClInclude Include="src\Scene\Primitive\FLD3DPrimitive.h">
      <Filter>src\Scene\Primitive</Filter>
    </ClInclude>
    <ClInclude Include="src\Scene\Vertex\FLVertex.h">
      <Filter>src\Scene\Vertex</Filter>
    </ClInclude>
    <ClInclude Include="header\FireFlameHeader.h">
      <Filter>public</Filter>
    </ClInclude>
    <ClInclude Include="src\Matrix\FLMatrix.h">
      <Filter>src\Matrix</Filter>
    </ClInclude>
    <ClInclude Include="src\Engine\FLEngine.h">
      <Filter>src\Engine</Filter>
    </ClInclude>
    <ClInclude Include="src\ShaderWrapper\FLD3DShaderWrapper.h">
      <Filter>src\ShaderWrapper</Filter>
    </ClInclude>
    <ClInclude Include="src\ShaderWrapper\FLShaderWrapper.h">
      <Filter>src\ShaderWrapper</Filter>
    </ClInclude>
    <ClInclude Include="src\GPUMemory\D3DUploadBuffer.h">
      <Filter>src\GPUMemory</Filter>
    </ClInclude>
    <ClInclude Include="src\ShaderWrapper\ShaderConstBuffer\FLShaderConstBuffer.h">
      <Filter>src\ShaderWrapper\ShaderConstBuffer</Filter>
    </ClInclude>
    <ClInclude Include="src\MathHelper\FLMathHelper.h">
      <Filter>src\MathHelper</Filter>
    </ClInclude>
    <ClInclude Include="src\Renderer\FLD3DRenderer.h">
      <Filter>src\Renderer</Filter>
    </ClInclude>
    <ClInclude Include="src\Renderer\FLRenderer.h">
      <Filter>src\Renderer</Filter>
    </ClInclude>
    <ClInclude Include="src\PSOManager\FLPSOManager.h">
      <Filter>src\PSOManager</Filter>
    </ClInclude>
    <ClInclude Include="src\PSOManager\FLD3DPSOManager.h">
      <Filter>src\PSOManager</Filter>
    </ClInclude>
    <ClInclude Include="src\FrameResource\FLFrameResource.h">
      <Filter>src\FrameResource</Filter>
    </ClInclude>
    <ClInclude Include="src\FrameResource\FLD3DFrameResource.h">
      <Filter>src\FrameResource</Filter>
    </ClInclude>
    <ClInclude Include="src\Scene\RenderItem\FLD3DRenderItem.h">
      <Filter>src\Scene\RenderItem</Filter>
    </ClInclude>
    <ClInclude Include="src\GeometryHelper\FLGeometryGenerator.h">
      <Filter>src\GeometryHelper</Filter>
    </ClInclude>
    <ClInclude Include="src\MathHelper\FLVector.h">
      <Filter>src\MathHelper</Filter>
    </ClInclude>
    <ClInclude Include="src\MathHelper\FLVertex.h">
      <Filter>src\MathHelper</Filter>
    </ClInclude>
    <ClInclude Include="src\Scene\Pass\FLPass.h">
      <Filter>src\Scene\Pass</Filter>
    </ClInclude>
    <ClInclude Include="src\Light\FLLight.h">
      <Filter>src\Light</Filter>
    </ClInclude>
    <ClInclude Include="src\Material\FLMaterial.h">
      <Filter>src\Material</Filter>
    </ClInclude>
    <ClInclude Include="src\GeometryHelper\FLPLYLoader.h">
      <Filter>src\GeometryHelper</Filter>
    </ClInclude>
    <ClInclude Include="src\3rd_utils\tinyply.h">
      <Filter>src\3rd_utils</Filter>
    </ClInclude>
    <ClInclude Include="src\3rd_utils\FLConsole.h">
      <Filter>src\3rd_utils</Filter>
    </ClInclude>
    <ClInclude Include="src\Noise\FLNoise.h">
      <Filter>src\Noise</Filter>
    </ClInclude>
  </ItemGroup>
  <ItemGroup>
    <Filter Include="src">
      <UniqueIdentifier>{ac396dc4-3e19-4387-b162-4f59c32b69e7}</UniqueIdentifier>
    </Filter>
    <Filter Include="public">
      <UniqueIdentifier>{2507fd4c-0cf6-4c23-90d8-25d63ea96167}</UniqueIdentifier>
    </Filter>
    <Filter Include="src\Exception">
      <UniqueIdentifier>{9af05bda-8cb4-4382-bedf-f423c1097b27}</UniqueIdentifier>
    </Filter>
    <Filter Include="src\Matrix">
      <UniqueIdentifier>{2d7bb2d0-7371-4a19-9d34-c5043953ad74}</UniqueIdentifier>
    </Filter>
    <Filter Include="src\Timer">
      <UniqueIdentifier>{90ad99a3-c6fd-4702-ba4d-6c2fe8b662dd}</UniqueIdentifier>
    </Filter>
    <Filter Include="src\ViewFrustum">
      <UniqueIdentifier>{c9c4c1d5-0825-4d5a-9d83-8664d9aa53d2}</UniqueIdentifier>
    </Filter>
    <Filter Include="src\3rd_utils">
      <UniqueIdentifier>{636ba85f-36e2-4cf7-bfea-10b795a054df}</UniqueIdentifier>
    </Filter>
    <Filter Include="src\Window">
      <UniqueIdentifier>{61db206a-9aba-4211-a333-6720813ef5b1}</UniqueIdentifier>
    </Filter>
    <Filter Include="src\Renderer">
      <UniqueIdentifier>{1c16f9b4-a75f-429a-a1e8-c15a730b76cb}</UniqueIdentifier>
    </Filter>
    <Filter Include="src\Scene">
      <UniqueIdentifier>{4c7cee6a-aa50-4830-a6f2-d2480ba3b361}</UniqueIdentifier>
    </Filter>
    <Filter Include="src\Scene\Shape">
      <UniqueIdentifier>{a7e94cf4-dc3c-4bc5-9175-b27db00e85b0}</UniqueIdentifier>
    </Filter>
    <Filter Include="src\Scene\Primitive">
      <UniqueIdentifier>{5544cad0-7d1b-4098-8aa0-fed395363313}</UniqueIdentifier>
    </Filter>
    <Filter Include="src\Scene\Vertex">
      <UniqueIdentifier>{941b9c19-40cc-47a4-b3a8-ca71ac280d54}</UniqueIdentifier>
    </Filter>
    <Filter Include="src\Engine">
      <UniqueIdentifier>{0b5bff3d-9019-4768-beb5-4790b87bf843}</UniqueIdentifier>
    </Filter>
    <Filter Include="src\ShaderWrapper">
      <UniqueIdentifier>{e8187cf0-6be7-4e11-8f1b-f16e7fa15710}</UniqueIdentifier>
    </Filter>
    <Filter Include="src\GPUMemory">
      <UniqueIdentifier>{6f90b537-cd19-4c19-9f2a-a37cb46ec602}</UniqueIdentifier>
    </Filter>
    <Filter Include="src\ShaderWrapper\ShaderConstBuffer">
      <UniqueIdentifier>{1be91f12-4500-4332-a75f-9341693b8a64}</UniqueIdentifier>
    </Filter>
    <Filter Include="src\MathHelper">
      <UniqueIdentifier>{ea892b12-1b0a-49b5-8e28-e27dc2808a92}</UniqueIdentifier>
    </Filter>
    <Filter Include="src\PSOManager">
      <UniqueIdentifier>{7cf592eb-be50-44ad-8f19-fb6cfea4354b}</UniqueIdentifier>
    </Filter>
    <Filter Include="src\FrameResource">
      <UniqueIdentifier>{91644d0c-bb0e-404d-b9a4-e7208260e19f}</UniqueIdentifier>
    </Filter>
    <Filter Include="src\Scene\RenderItem">
      <UniqueIdentifier>{837cd870-61d0-418c-a00d-7aaeab746f4d}</UniqueIdentifier>
    </Filter>
    <Filter Include="src\GeometryHelper">
      <UniqueIdentifier>{dd6077e8-c925-4e8d-ae6e-57c04f32957b}</UniqueIdentifier>
    </Filter>
    <Filter Include="src\Scene\Pass">
      <UniqueIdentifier>{c125fdd4-0c75-47c6-afb5-e40b7c79417c}</UniqueIdentifier>
    </Filter>
    <Filter Include="src\Light">
      <UniqueIdentifier>{723e780b-e809-4082-b4ab-5f40ad80aadc}</UniqueIdentifier>
    </Filter>
    <Filter Include="src\Material">
      <UniqueIdentifier>{a6614f9d-1052-4e03-b812-29d0086ea21e}</UniqueIdentifier>
    </Filter>
    <Filter Include="src\Noise">
      <UniqueIdentifier>{2d404dcc-de43-4494-bf8d-8baa10c945fe}</UniqueIdentifier>
    </Filter>
  </ItemGroup>
</Project>