<?xml version="1.0" encoding="utf-8"?>
<Project ToolsVersion="4.0" xmlns="http://schemas.microsoft.com/developer/msbuild/2003">
  <ItemGroup>
    <ClCompile Include="src\Exception\FLException.cpp">
      <Filter>src\Exception</Filter>
    </ClCompile>
    <ClCompile Include="src\Timer\FLStopWatch.cpp">
      <Filter>src\Timer</Filter>
    </ClCompile>
    <ClCompile Include="src\Window\FLWindow.cpp">
      <Filter>src\Window</Filter>
    </ClCompile>
    <ClCompile Include="src\Scene\FLScene.cpp">
      <Filter>src\Scene</Filter>
    </ClCompile>
    <ClCompile Include="src\Scene\Shape\FLD3DMesh.cpp">
      <Filter>src\Scene\Shape</Filter>
    </ClCompile>
    <ClCompile Include="src\Scene\Shape\FLMesh.cpp">
      <Filter>src\Scene\Shape</Filter>
    </ClCompile>
    <ClCompile Include="src\Scene\Primitive\FLPrimitive.cpp">
      <Filter>src\Scene\Primitive</Filter>
    </ClCompile>
    <ClCompile Include="src\Scene\Primitive\FLD3DPrimitive.cpp">
      <Filter>src\Scene\Primitive</Filter>
    </ClCompile>
    <ClCompile Include="src\Scene\Vertex\FLVertex.cpp">
      <Filter>src\Scene\Vertex</Filter>
    </ClCompile>
    <ClCompile Include="src\Engine\FLEngine.cpp">
      <Filter>src\Engine</Filter>
    </ClCompile>
    <ClCompile Include="src\FLD3DUtils.cpp">
      <Filter>src</Filter>
    </ClCompile>
    <ClCompile Include="src\ShaderWrapper\FLD3DShaderWrapper.cpp">
      <Filter>src\ShaderWrapper</Filter>
    </ClCompile>
    <ClCompile Include="src\ShaderWrapper\FLShaderWrapper.cpp">
      <Filter>src\ShaderWrapper</Filter>
    </ClCompile>
    <ClCompile Include="src\Renderer\FLD3DRenderer.cpp">
      <Filter>src\Renderer</Filter>
    </ClCompile>
    <ClCompile Include="src\Renderer\FLRenderer.cpp">
      <Filter>src\Renderer</Filter>
    </ClCompile>
    <ClCompile Include="src\PSOManager\FLPSOManager.cpp">
      <Filter>src\PSOManager</Filter>
    </ClCompile>
    <ClCompile Include="src\PSOManager\FLD3DPSOManager.cpp">
      <Filter>src\PSOManager</Filter>
    </ClCompile>
    <ClCompile Include="src\FrameResource\FLFrameResource.cpp">
      <Filter>src\FrameResource</Filter>
    </ClCompile>
    <ClCompile Include="src\FrameResource\FLD3DFrameResource.cpp">
      <Filter>src\FrameResource</Filter>
    </ClCompile>
    <ClCompile Include="src\Scene\RenderItem\FLD3DRenderItem.cpp">
      <Filter>src\Scene\RenderItem</Filter>
    </ClCompile>
    <ClCompile Include="src\GeometryHelper\FLGeometryGenerator.cpp">
      <Filter>src\GeometryHelper</Filter>
    </ClCompile>
    <ClCompile Include="src\MathHelper\FLMathHelper.cpp">
      <Filter>src\MathHelper</Filter>
    </ClCompile>
    <ClCompile Include="src\GeometryHelper\PLYLoader.cpp">
      <Filter>src\GeometryHelper</Filter>
    </ClCompile>
    <ClCompile Include="src\3rd_utils\tinyply.cpp">
      <Filter>src\3rd_utils</Filter>
    </ClCompile>
    <ClCompile Include="src\3rd_utils\FLConsole.cpp">
      <Filter>src\3rd_utils</Filter>
    </ClCompile>
    <ClCompile Include="src\Noise\FLNoise.cpp">
      <Filter>src\Noise</Filter>
    </ClCompile>
    <ClCompile Include="src\3rd_utils\DDSTextureLoader12.cpp">
      <Filter>src\3rd_utils\DDS</Filter>
    </ClCompile>
    <ClCompile Include="src\3rd_utils\DDSTextureLoaderLuna.cpp">
      <Filter>src\3rd_utils\DDS</Filter>
    </ClCompile>
    <ClCompile Include="src\3rd_utils\ScreenGrab\ScreenGrab.cpp">
      <Filter>src\3rd_utils\ScreenGrab</Filter>
    </ClCompile>
    <ClCompile Include="src\3rd_utils\ScreenGrab\ScreenGrab12.cpp">
      <Filter>src\3rd_utils\ScreenGrab</Filter>
    </ClCompile>
    <ClCompile Include="src\PSOManager\FLD3DPSOManager2.cpp">
      <Filter>src\PSOManager</Filter>
    </ClCompile>
    <ClCompile Include="src\Utility\loader\FLHKXLoader.cpp">
      <Filter>src\Utility\Loader</Filter>
    </ClCompile>
    <ClCompile Include="src\Utility\loader\FLVERLoader.cpp">
      <Filter>src\Utility\Loader</Filter>
    </ClCompile>
    <ClCompile Include="src\ShaderWrapper\FLD3DComputeShaderWrapper.cpp">
      <Filter>src\ShaderWrapper</Filter>
    </ClCompile>
    <ClCompile Include="src\ShaderWrapper\FLD3DShaderWrapperBase.cpp">
      <Filter>src\ShaderWrapper</Filter>
    </ClCompile>
    <ClCompile Include="src\Filters\FLD3DGaussBlurFilter.cpp">
      <Filter>src\Filters</Filter>
    </ClCompile>
    <ClCompile Include="src\Filters\FLD3DBilateralBlurFilter.cpp">
      <Filter>src\Filters</Filter>
    </ClCompile>
  </ItemGroup>
  <ItemGroup>
    <ClInclude Include="src\Exception\FLException.h">
      <Filter>src\Exception</Filter>
    </ClInclude>
    <ClInclude Include="src\Timer\FLStopWatch.h">
      <Filter>src\Timer</Filter>
    </ClInclude>
    <ClInclude Include="src\Matrix\FLMatrix4X4.h">
      <Filter>src\Matrix</Filter>
    </ClInclude>
    <ClInclude Include="src\Matrix\FLMatrixHelper.h">
      <Filter>src\Matrix</Filter>
    </ClInclude>
    <ClInclude Include="src\Matrix\FLMatrixMXN.h">
      <Filter>src\Matrix</Filter>
    </ClInclude>
    <ClInclude Include="src\Matrix\FLMatrixNXN.h">
      <Filter>src\Matrix</Filter>
    </ClInclude>
    <ClInclude Include="src\ViewFrustum\FLViewFrustum.h">
      <Filter>src\ViewFrustum</Filter>
    </ClInclude>
    <ClInclude Include="src\3rd_utils\d3dx12.h">
      <Filter>src\3rd_utils</Filter>
    </ClInclude>
    <ClInclude Include="src\FLD3DUtils.h">
      <Filter>src</Filter>
    </ClInclude>
    <ClInclude Include="src\FLTypeDefs.h">
      <Filter>src</Filter>
    </ClInclude>
    <ClInclude Include="src\Window\FLWindow.h">
      <Filter>src\Window</Filter>
    </ClInclude>
    <ClInclude Include="src\Scene\FLScene.h">
      <Filter>src\Scene</Filter>
    </ClInclude>
    <ClInclude Include="src\Scene\Shape\FLD3DMesh.h">
      <Filter>src\Scene\Shape</Filter>
    </ClInclude>
    <ClInclude Include="src\Scene\Shape\FLMesh.h">
      <Filter>src\Scene\Shape</Filter>
    </ClInclude>
    <ClInclude Include="src\Scene\Primitive\FLPrimitive.h">
      <Filter>src\Scene\Primitive</Filter>
    </ClInclude>
    <ClInclude Include="src\Scene\Primitive\FLD3DPrimitive.h">
      <Filter>src\Scene\Primitive</Filter>
    </ClInclude>
    <ClInclude Include="src\Scene\Vertex\FLVertex.h">
      <Filter>src\Scene\Vertex</Filter>
    </ClInclude>
    <ClInclude Include="header\FireFlameHeader.h">
      <Filter>public</Filter>
    </ClInclude>
    <ClInclude Include="src\Matrix\FLMatrix.h">
      <Filter>src\Matrix</Filter>
    </ClInclude>
    <ClInclude Include="src\Engine\FLEngine.h">
      <Filter>src\Engine</Filter>
    </ClInclude>
    <ClInclude Include="src\ShaderWrapper\FLD3DShaderWrapper.h">
      <Filter>src\ShaderWrapper</Filter>
    </ClInclude>
    <ClInclude Include="src\ShaderWrapper\FLShaderWrapper.h">
      <Filter>src\ShaderWrapper</Filter>
    </ClInclude>
    <ClInclude Include="src\GPUMemory\D3DUploadBuffer.h">
      <Filter>src\GPUMemory</Filter>
    </ClInclude>
    <ClInclude Include="src\ShaderWrapper\ShaderConstBuffer\FLShaderConstBuffer.h">
      <Filter>src\ShaderWrapper\ShaderConstBuffer</Filter>
    </ClInclude>
    <ClInclude Include="src\MathHelper\FLMathHelper.h">
      <Filter>src\MathHelper</Filter>
    </ClInclude>
    <ClInclude Include="src\Renderer\FLD3DRenderer.h">
      <Filter>src\Renderer</Filter>
    </ClInclude>
    <ClInclude Include="src\Renderer\FLRenderer.h">
      <Filter>src\Renderer</Filter>
    </ClInclude>
    <ClInclude Include="src\PSOManager\FLPSOManager.h">
      <Filter>src\PSOManager</Filter>
    </ClInclude>
    <ClInclude Include="src\PSOManager\FLD3DPSOManager.h">
      <Filter>src\PSOManager</Filter>
    </ClInclude>
    <ClInclude Include="src\FrameResource\FLFrameResource.h">
      <Filter>src\FrameResource</Filter>
    </ClInclude>
    <ClInclude Include="src\FrameResource\FLD3DFrameResource.h">
      <Filter>src\FrameResource</Filter>
    </ClInclude>
    <ClInclude Include="src\Scene\RenderItem\FLD3DRenderItem.h">
      <Filter>src\Scene\RenderItem</Filter>
    </ClInclude>
    <ClInclude Include="src\GeometryHelper\FLGeometryGenerator.h">
      <Filter>src\GeometryHelper</Filter>
    </ClInclude>
    <ClInclude Include="src\MathHelper\FLVector.h">
      <Filter>src\MathHelper</Filter>
    </ClInclude>
    <ClInclude Include="src\MathHelper\FLVertex.h">
      <Filter>src\MathHelper</Filter>
    </ClInclude>
    <ClInclude Include="src\Scene\Pass\FLPass.h">
      <Filter>src\Scene\Pass</Filter>
    </ClInclude>
    <ClInclude Include="src\Light\FLLight.h">
      <Filter>src\Light</Filter>
    </ClInclude>
    <ClInclude Include="src\Material\FLMaterial.h">
      <Filter>src\Material</Filter>
    </ClInclude>
    <ClInclude Include="src\GeometryHelper\FLPLYLoader.h">
      <Filter>src\GeometryHelper</Filter>
    </ClInclude>
    <ClInclude Include="src\3rd_utils\tinyply.h">
      <Filter>src\3rd_utils</Filter>
    </ClInclude>
    <ClInclude Include="src\3rd_utils\FLConsole.h">
      <Filter>src\3rd_utils</Filter>
    </ClInclude>
    <ClInclude Include="src\Noise\FLNoise.h">
      <Filter>src\Noise</Filter>
    </ClInclude>
    <ClInclude Include="src\3rd_utils\DDSTextureLoader12.h">
      <Filter>src\3rd_utils\DDS</Filter>
    </ClInclude>
    <ClInclude Include="src\Material\FLTexture.h">
      <Filter>src\Material</Filter>
    </ClInclude>
    <ClInclude Include="src\PCH.h">
      <Filter>src</Filter>
    </ClInclude>
    <ClInclude Include="src\3rd_utils\DDSTextureLoaderLuna.h">
      <Filter>src\3rd_utils\DDS</Filter>
    </ClInclude>
    <ClInclude Include="src\3rd_utils\cmdline.h">
      <Filter>src\3rd_utils</Filter>
    </ClInclude>
    <ClInclude Include="src\FLUtils.h">
      <Filter>src</Filter>
    </ClInclude>
    <ClInclude Include="src\3rd_utils\spdlog\async_logger.h">
      <Filter>src\3rd_utils\spdlog</Filter>
    </ClInclude>
    <ClInclude Include="src\3rd_utils\spdlog\common.h">
      <Filter>src\3rd_utils\spdlog</Filter>
    </ClInclude>
    <ClInclude Include="src\3rd_utils\spdlog\formatter.h">
      <Filter>src\3rd_utils\spdlog</Filter>
    </ClInclude>
    <ClInclude Include="src\3rd_utils\spdlog\logger.h">
      <Filter>src\3rd_utils\spdlog</Filter>
    </ClInclude>
    <ClInclude Include="src\3rd_utils\spdlog\spdlog.h">
      <Filter>src\3rd_utils\spdlog</Filter>
    </ClInclude>
    <ClInclude Include="src\3rd_utils\spdlog\tweakme.h">
      <Filter>src\3rd_utils\spdlog</Filter>
    </ClInclude>
    <ClInclude Include="src\3rd_utils\spdlog\details\async_log_helper.h">
      <Filter>src\3rd_utils\spdlog\details</Filter>
    </ClInclude>
    <ClInclude Include="src\3rd_utils\spdlog\details\async_logger_impl.h">
      <Filter>src\3rd_utils\spdlog\details</Filter>
    </ClInclude>
    <ClInclude Include="src\3rd_utils\spdlog\details\file_helper.h">
      <Filter>src\3rd_utils\spdlog\details</Filter>
    </ClInclude>
    <ClInclude Include="src\3rd_utils\spdlog\details\log_msg.h">
      <Filter>src\3rd_utils\spdlog\details</Filter>
    </ClInclude>
    <ClInclude Include="src\3rd_utils\spdlog\details\logger_impl.h">
      <Filter>src\3rd_utils\spdlog\details</Filter>
    </ClInclude>
    <ClInclude Include="src\3rd_utils\spdlog\details\mpmc_bounded_q.h">
      <Filter>src\3rd_utils\spdlog\details</Filter>
    </ClInclude>
    <ClInclude Include="src\3rd_utils\spdlog\details\null_mutex.h">
      <Filter>src\3rd_utils\spdlog\details</Filter>
    </ClInclude>
    <ClInclude Include="src\3rd_utils\spdlog\details\os.h">
      <Filter>src\3rd_utils\spdlog\details</Filter>
    </ClInclude>
    <ClInclude Include="src\3rd_utils\spdlog\details\pattern_formatter_impl.h">
      <Filter>src\3rd_utils\spdlog\details</Filter>
    </ClInclude>
    <ClInclude Include="src\3rd_utils\spdlog\details\registry.h">
      <Filter>src\3rd_utils\spdlog\details</Filter>
    </ClInclude>
    <ClInclude Include="src\3rd_utils\spdlog\details\spdlog_impl.h">
      <Filter>src\3rd_utils\spdlog\details</Filter>
    </ClInclude>
    <ClInclude Include="src\3rd_utils\spdlog\fmt\fmt.h">
      <Filter>src\3rd_utils\spdlog\fmt</Filter>
    </ClInclude>
    <ClInclude Include="src\3rd_utils\spdlog\fmt\ostr.h">
      <Filter>src\3rd_utils\spdlog\fmt</Filter>
    </ClInclude>
    <ClInclude Include="src\3rd_utils\spdlog\fmt\bundled\format.h">
      <Filter>src\3rd_utils\spdlog\fmt\bundled</Filter>
    </ClInclude>
    <ClInclude Include="src\3rd_utils\spdlog\fmt\bundled\ostream.h">
      <Filter>src\3rd_utils\spdlog\fmt\bundled</Filter>
    </ClInclude>
    <ClInclude Include="src\3rd_utils\spdlog\fmt\bundled\posix.h">
      <Filter>src\3rd_utils\spdlog\fmt\bundled</Filter>
    </ClInclude>
    <ClInclude Include="src\3rd_utils\spdlog\fmt\bundled\printf.h">
      <Filter>src\3rd_utils\spdlog\fmt\bundled</Filter>
    </ClInclude>
    <ClInclude Include="src\3rd_utils\spdlog\fmt\bundled\time.h">
      <Filter>src\3rd_utils\spdlog\fmt\bundled</Filter>
    </ClInclude>
    <ClInclude Include="src\3rd_utils\spdlog\sinks\android_sink.h">
      <Filter>src\3rd_utils\spdlog\sinks</Filter>
    </ClInclude>
    <ClInclude Include="src\3rd_utils\spdlog\sinks\ansicolor_sink.h">
      <Filter>src\3rd_utils\spdlog\sinks</Filter>
    </ClInclude>
    <ClInclude Include="src\3rd_utils\spdlog\sinks\base_sink.h">
      <Filter>src\3rd_utils\spdlog\sinks</Filter>
    </ClInclude>
    <ClInclude Include="src\3rd_utils\spdlog\sinks\dist_sink.h">
      <Filter>src\3rd_utils\spdlog\sinks</Filter>
    </ClInclude>
    <ClInclude Include="src\3rd_utils\spdlog\sinks\file_sinks.h">
      <Filter>src\3rd_utils\spdlog\sinks</Filter>
    </ClInclude>
    <ClInclude Include="src\3rd_utils\spdlog\sinks\msvc_sink.h">
      <Filter>src\3rd_utils\spdlog\sinks</Filter>
    </ClInclude>
    <ClInclude Include="src\3rd_utils\spdlog\sinks\null_sink.h">
      <Filter>src\3rd_utils\spdlog\sinks</Filter>
    </ClInclude>
    <ClInclude Include="src\3rd_utils\spdlog\sinks\ostream_sink.h">
      <Filter>src\3rd_utils\spdlog\sinks</Filter>
    </ClInclude>
    <ClInclude Include="src\3rd_utils\spdlog\sinks\sink.h">
      <Filter>src\3rd_utils\spdlog\sinks</Filter>
    </ClInclude>
    <ClInclude Include="src\3rd_utils\spdlog\sinks\stdout_sinks.h">
      <Filter>src\3rd_utils\spdlog\sinks</Filter>
    </ClInclude>
    <ClInclude Include="src\3rd_utils\spdlog\sinks\syslog_sink.h">
      <Filter>src\3rd_utils\spdlog\sinks</Filter>
    </ClInclude>
    <ClInclude Include="src\3rd_utils\spdlog\sinks\wincolor_sink.h">
      <Filter>src\3rd_utils\spdlog\sinks</Filter>
    </ClInclude>
    <ClInclude Include="src\3rd_utils\spdlog\sinks\windebug_sink.h">
      <Filter>src\3rd_utils\spdlog\sinks</Filter>
    </ClInclude>
    <ClInclude Include="src\3rd_utils\ScreenGrab\ScreenGrab.h">
      <Filter>src\3rd_utils\ScreenGrab</Filter>
    </ClInclude>
    <ClInclude Include="src\3rd_utils\ScreenGrab\ScreenGrab12.h">
      <Filter>src\3rd_utils\ScreenGrab</Filter>
    </ClInclude>
    <ClInclude Include="src\FLStringUtils.h">
      <Filter>src</Filter>
    </ClInclude>
    <ClInclude Include="src\Utility\chrono\FLchrono.h">
      <Filter>src\Utility\chrono</Filter>
    </ClInclude>
    <ClInclude Include="src\PSOManager\FLD3DPSOManager2.h">
      <Filter>src\PSOManager</Filter>
    </ClInclude>
    <ClInclude Include="src\PSOManager\FLPSOTrait.h">
      <Filter>src\PSOManager</Filter>
    </ClInclude>
    <ClInclude Include="src\Utility\loader\FLHKXLoader.h">
      <Filter>src\Utility\Loader</Filter>
    </ClInclude>
    <ClInclude Include="src\Utility\loader\FLVERLoader.h">
      <Filter>src\Utility\Loader</Filter>
    </ClInclude>
    <ClInclude Include="src\Utility\io\io.h">
      <Filter>src\Utility\IO</Filter>
    </ClInclude>
    <ClInclude Include="src\Filters\FLD3DFilter.h">
      <Filter>src\Filters</Filter>
    </ClInclude>
    <ClInclude Include="src\ShaderWrapper\FLD3DComputeShaderWrapper.h">
      <Filter>src\ShaderWrapper</Filter>
    </ClInclude>
    <ClInclude Include="src\ShaderWrapper\FLD3DShaderWrapperBase.h">
      <Filter>src\ShaderWrapper</Filter>
    </ClInclude>
    <ClInclude Include="src\Scene\CSTask\FLCSTask.h">
      <Filter>src\Scene\CSTask</Filter>
    </ClInclude>
    <ClInclude Include="src\Scene\CSTask\FLD3DCSTask.h">
      <Filter>src\Scene\CSTask</Filter>
    </ClInclude>
    <ClInclude Include="src\Filters\FLD3DGaussBlurFilter.h">
      <Filter>src\Filters</Filter>
    </ClInclude>
    <ClInclude Include="src\Filters\FLD3DBilateralBlurFilter.h">
      <Filter>src\Filters</Filter>
    </ClInclude>
  </ItemGroup>
  <ItemGroup>
    <Filter Include="src">
      <UniqueIdentifier>{ac396dc4-3e19-4387-b162-4f59c32b69e7}</UniqueIdentifier>
    </Filter>
    <Filter Include="public">
      <UniqueIdentifier>{2507fd4c-0cf6-4c23-90d8-25d63ea96167}</UniqueIdentifier>
    </Filter>
    <Filter Include="src\Exception">
      <UniqueIdentifier>{9af05bda-8cb4-4382-bedf-f423c1097b27}</UniqueIdentifier>
    </Filter>
    <Filter Include="src\Matrix">
      <UniqueIdentifier>{2d7bb2d0-7371-4a19-9d34-c5043953ad74}</UniqueIdentifier>
    </Filter>
    <Filter Include="src\Timer">
      <UniqueIdentifier>{90ad99a3-c6fd-4702-ba4d-6c2fe8b662dd}</UniqueIdentifier>
    </Filter>
    <Filter Include="src\ViewFrustum">
      <UniqueIdentifier>{c9c4c1d5-0825-4d5a-9d83-8664d9aa53d2}</UniqueIdentifier>
    </Filter>
    <Filter Include="src\3rd_utils">
      <UniqueIdentifier>{636ba85f-36e2-4cf7-bfea-10b795a054df}</UniqueIdentifier>
    </Filter>
    <Filter Include="src\Window">
      <UniqueIdentifier>{61db206a-9aba-4211-a333-6720813ef5b1}</UniqueIdentifier>
    </Filter>
    <Filter Include="src\Renderer">
      <UniqueIdentifier>{1c16f9b4-a75f-429a-a1e8-c15a730b76cb}</UniqueIdentifier>
    </Filter>
    <Filter Include="src\Scene">
      <UniqueIdentifier>{4c7cee6a-aa50-4830-a6f2-d2480ba3b361}</UniqueIdentifier>
    </Filter>
    <Filter Include="src\Scene\Shape">
      <UniqueIdentifier>{a7e94cf4-dc3c-4bc5-9175-b27db00e85b0}</UniqueIdentifier>
    </Filter>
    <Filter Include="src\Scene\Primitive">
      <UniqueIdentifier>{5544cad0-7d1b-4098-8aa0-fed395363313}</UniqueIdentifier>
    </Filter>
    <Filter Include="src\Scene\Vertex">
      <UniqueIdentifier>{941b9c19-40cc-47a4-b3a8-ca71ac280d54}</UniqueIdentifier>
    </Filter>
    <Filter Include="src\Engine">
      <UniqueIdentifier>{0b5bff3d-9019-4768-beb5-4790b87bf843}</UniqueIdentifier>
    </Filter>
    <Filter Include="src\ShaderWrapper">
      <UniqueIdentifier>{e8187cf0-6be7-4e11-8f1b-f16e7fa15710}</UniqueIdentifier>
    </Filter>
    <Filter Include="src\GPUMemory">
      <UniqueIdentifier>{6f90b537-cd19-4c19-9f2a-a37cb46ec602}</UniqueIdentifier>
    </Filter>
    <Filter Include="src\ShaderWrapper\ShaderConstBuffer">
      <UniqueIdentifier>{1be91f12-4500-4332-a75f-9341693b8a64}</UniqueIdentifier>
    </Filter>
    <Filter Include="src\MathHelper">
      <UniqueIdentifier>{ea892b12-1b0a-49b5-8e28-e27dc2808a92}</UniqueIdentifier>
    </Filter>
    <Filter Include="src\PSOManager">
      <UniqueIdentifier>{7cf592eb-be50-44ad-8f19-fb6cfea4354b}</UniqueIdentifier>
    </Filter>
    <Filter Include="src\FrameResource">
      <UniqueIdentifier>{91644d0c-bb0e-404d-b9a4-e7208260e19f}</UniqueIdentifier>
    </Filter>
    <Filter Include="src\Scene\RenderItem">
      <UniqueIdentifier>{837cd870-61d0-418c-a00d-7aaeab746f4d}</UniqueIdentifier>
    </Filter>
    <Filter Include="src\GeometryHelper">
      <UniqueIdentifier>{dd6077e8-c925-4e8d-ae6e-57c04f32957b}</UniqueIdentifier>
    </Filter>
    <Filter Include="src\Scene\Pass">
      <UniqueIdentifier>{c125fdd4-0c75-47c6-afb5-e40b7c79417c}</UniqueIdentifier>
    </Filter>
    <Filter Include="src\Light">
      <UniqueIdentifier>{723e780b-e809-4082-b4ab-5f40ad80aadc}</UniqueIdentifier>
    </Filter>
    <Filter Include="src\Material">
      <UniqueIdentifier>{a6614f9d-1052-4e03-b812-29d0086ea21e}</UniqueIdentifier>
    </Filter>
    <Filter Include="src\Noise">
      <UniqueIdentifier>{2d404dcc-de43-4494-bf8d-8baa10c945fe}</UniqueIdentifier>
    </Filter>
    <Filter Include="src\3rd_utils\DDS">
      <UniqueIdentifier>{a7e79032-05dd-4509-9c65-b1b3c597450a}</UniqueIdentifier>
    </Filter>
    <Filter Include="src\3rd_utils\spdlog">
      <UniqueIdentifier>{320d2bc8-e139-400e-bf7f-9663f05e6b00}</UniqueIdentifier>
    </Filter>
    <Filter Include="src\3rd_utils\spdlog\details">
      <UniqueIdentifier>{ee811ff3-1209-4eff-8ed2-7a250c3d6607}</UniqueIdentifier>
    </Filter>
    <Filter Include="src\3rd_utils\spdlog\fmt">
      <UniqueIdentifier>{7a091350-36e9-470f-b2d7-7caad5f45c53}</UniqueIdentifier>
    </Filter>
    <Filter Include="src\3rd_utils\spdlog\fmt\bundled">
      <UniqueIdentifier>{32522436-b221-42d4-854e-fea83838f8de}</UniqueIdentifier>
    </Filter>
    <Filter Include="src\3rd_utils\spdlog\sinks">
      <UniqueIdentifier>{60c5bcd2-e78f-4ebe-b4b5-c8fae40c5922}</UniqueIdentifier>
    </Filter>
    <Filter Include="src\3rd_utils\ScreenGrab">
      <UniqueIdentifier>{88ed2d39-d4da-4322-9476-2ebbcd6059db}</UniqueIdentifier>
    </Filter>
    <Filter Include="src\Utility">
      <UniqueIdentifier>{02075fba-5cdf-43be-8b1a-e00247198697}</UniqueIdentifier>
    </Filter>
    <Filter Include="src\Utility\chrono">
      <UniqueIdentifier>{2a5419b4-f9d7-48d8-ba0b-a2af616bfd10}</UniqueIdentifier>
    </Filter>
    <Filter Include="src\Utility\Loader">
      <UniqueIdentifier>{75230123-3609-4393-a630-09e8b0536a96}</UniqueIdentifier>
    </Filter>
    <Filter Include="src\Utility\IO">
      <UniqueIdentifier>{e82da30f-8cf5-474c-9f36-a6db0771e3a8}</UniqueIdentifier>
    </Filter>
    <Filter Include="src\Filters">
      <UniqueIdentifier>{030c202f-a8c6-4eed-8c71-3e312f3f5430}</UniqueIdentifier>
    </Filter>
    <Filter Include="src\Shaders">
      <UniqueIdentifier>{b1f643eb-55f2-4611-960d-c669abda18f2}</UniqueIdentifier>
    </Filter>
    <Filter Include="src\Scene\CSTask">
      <UniqueIdentifier>{5e0ead60-7ee5-4dbc-841b-82c0f4215919}</UniqueIdentifier>
    </Filter>
  </ItemGroup>
  <ItemGroup>
    <None Include="src\3rd_utils\spdlog\fmt\bundled\printf.cc">
      <Filter>src\3rd_utils\spdlog\fmt\bundled</Filter>
    </None>
    <None Include="src\3rd_utils\spdlog\fmt\bundled\format.cc">
      <Filter>src\3rd_utils\spdlog\fmt\bundled</Filter>
    </None>
    <None Include="src\3rd_utils\spdlog\fmt\bundled\ostream.cc">
      <Filter>src\3rd_utils\spdlog\fmt\bundled</Filter>
    </None>
    <None Include="src\3rd_utils\spdlog\fmt\bundled\posix.cc">
      <Filter>src\3rd_utils\spdlog\fmt\bundled</Filter>
    </None>
    <None Include="src\Shaders\GaussBlur.hlsl">
      <Filter>src\Shaders</Filter>
    </None>
  </ItemGroup>
  <ItemGroup>
    <FxCompile Include="src\Shaders\BilateralBlur.hlsl">
      <Filter>src\Shaders</Filter>
    </FxCompile>
  </ItemGroup>
</Project>