<?xml version="1.0" encoding="utf-8"?>
<Project ToolsVersion="4.0" xmlns="http://schemas.microsoft.com/developer/msbuild/2003">
  <ItemGroup>
    <ClCompile Include="main.cpp" />
    <ClCompile Include="TexColumnsApp.cpp" />
    <ClCompile Include="..\Common\FLEngineApp.cpp" />
  </ItemGroup>
  <ItemGroup>
    <Filter Include="Shaders">
      <UniqueIdentifier>{2dd4205b-17f0-490b-9273-ee9220e673bc}</UniqueIdentifier>
    </Filter>
  </ItemGroup>
  <ItemGroup>
    <None Include="..\Common\LightingUtil.hlsli">
      <Filter>Shaders</Filter>
    </None>
    <None Include="Shaders\TexColApp.hlsl">
      <Filter>Shaders</Filter>
    </None>
  </ItemGroup>
  <ItemGroup>
    <ClInclude Include="TexColumnsApp.h" />
    <ClInclude Include="..\Common\FLEngineApp.h" />
  </ItemGroup>
</Project>