<?xml version="1.0" encoding="utf-8"?>
<Project ToolsVersion="4.0" xmlns="http://schemas.microsoft.com/developer/msbuild/2003">
  <ItemGroup>
    <Filter Include="Shaders">
      <UniqueIdentifier>{34eabaac-f0be-4cd2-97da-c412af6bfdf6}</UniqueIdentifier>
    </Filter>
  </ItemGroup>
  <ItemGroup>
    <FxCompile Include="Shaders\Noise.hlsl">
      <Filter>Shaders</Filter>
    </FxCompile>
  </ItemGroup>
  <ItemGroup>
    <ClCompile Include="Game.cpp" />
    <ClCompile Include="main.cpp" />
    <ClCompile Include="Mesh.cpp" />
  </ItemGroup>
  <ItemGroup>
    <ClInclude Include="Game.h" />
    <ClInclude Include="Mesh.h" />
  </ItemGroup>
  <ItemGroup>
    <None Include="Shaders\Noise3D.hlsli">
      <Filter>Shaders</Filter>
    </None>
    <None Include="Shaders\Noise2D.hlsli">
      <Filter>Shaders</Filter>
    </None>
    <None Include="Shaders\PNDataGrad3D.hlsli">
      <Filter>Shaders</Filter>
    </None>
    <None Include="Shaders\PNDataGrad2D.hlsli">
      <Filter>Shaders</Filter>
    </None>
    <None Include="Shaders\PNDataPerm.hlsli">
      <Filter>Shaders</Filter>
    </None>
  </ItemGroup>
</Project>