<?xml version="1.0" encoding="utf-8"?>
<Project ToolsVersion="4.0" xmlns="http://schemas.microsoft.com/developer/msbuild/2003">
  <ItemGroup>
    <ClCompile Include="..\Common\FLEngineApp3.cpp" />
    <ClCompile Include="main.cpp" />
    <ClCompile Include="GSExplosionApp.cpp" />
  </ItemGroup>
  <ItemGroup>
    <ClInclude Include="..\Common\FLEngineApp3.h" />
    <ClInclude Include="GSExplosionApp.h" />
  </ItemGroup>
  <ItemGroup>
    <Filter Include="Shaders">
      <UniqueIdentifier>{eeed1feb-04fe-478d-9b32-070ed183a849}</UniqueIdentifier>
    </Filter>
  </ItemGroup>
  <ItemGroup>
    <None Include="Shaders\Explosion.hlsl">
      <Filter>Shaders</Filter>
    </None>
    <None Include="Shaders\Explosion2.hlsl">
      <Filter>Shaders</Filter>
    </None>
  </ItemGroup>
</Project>