<?xml version="1.0" encoding="utf-8"?>
<Project ToolsVersion="4.0" xmlns="http://schemas.microsoft.com/developer/msbuild/2003">
  <ItemGroup>
    <ClCompile Include="main.cpp" />
    <ClCompile Include="PlyModelViewer.cpp" />
  </ItemGroup>
  <ItemGroup>
    <ClInclude Include="PlyModelViewer.h" />
    <ClInclude Include="resource.h" />
  </ItemGroup>
  <ItemGroup>
    <Filter Include="Shaders">
      <UniqueIdentifier>{e49d4d85-5e33-4cc1-a9cb-b1c97e523f08}</UniqueIdentifier>
    </Filter>
  </ItemGroup>
  <ItemGroup>
    <None Include="Shaders\LightingUtil.hlsli">
      <Filter>Shaders</Filter>
    </None>
    <None Include="shader1.bin" />
    <None Include="Shaders\ViewerShader.hlsl">
      <Filter>Shaders</Filter>
    </None>
  </ItemGroup>
  <ItemGroup>
    <ResourceCompile Include="PlyModelViewer.rc" />
  </ItemGroup>
  <ItemGroup>
    <Text Include="Todo.txt" />
  </ItemGroup>
</Project>