<?xml version="1.0" encoding="utf-8"?>
<Project ToolsVersion="4.0" xmlns="http://schemas.microsoft.com/developer/msbuild/2003">
  <ItemGroup>
    <ClCompile Include="main.cpp" />
    <ClCompile Include="PointList.cpp" />
    <ClCompile Include="PointListDemo.cpp" />
    <ClCompile Include="..\Common\Demo.cpp" />
    <ClCompile Include="LineStripDemo.cpp" />
  </ItemGroup>
  <ItemGroup>
    <ClInclude Include="PointList.h" />
    <ClInclude Include="PointListDemo.h" />
    <ClInclude Include="..\Common\Demo.h" />
    <ClInclude Include="..\Common\Vertex.h" />
    <ClInclude Include="LineStripDemo.h" />
  </ItemGroup>
  <ItemGroup>
    <Filter Include="Shaders">
      <UniqueIdentifier>{91c1981a-ac4d-42fe-b350-3904bc71824e}</UniqueIdentifier>
    </Filter>
  </ItemGroup>
  <ItemGroup>
    <None Include="Shaders\Shader.hlsl">
      <Filter>Shaders</Filter>
    </None>
  </ItemGroup>
</Project>