<?xml version="1.0" encoding="utf-8"?>
<Project ToolsVersion="4.0" xmlns="http://schemas.microsoft.com/developer/msbuild/2003">
  <ItemGroup>
    <ClCompile Include="..\Common\FLEngineApp4.cpp" />
    <ClCompile Include="main.cpp" />
    <ClCompile Include="NormalMapApp.cpp" />
  </ItemGroup>
  <ItemGroup>
    <ClInclude Include="..\Common\FLEngineApp4.h" />
    <ClInclude Include="NormalMapApp.h" />
  </ItemGroup>
  <ItemGroup>
    <Filter Include="Shaders">
      <UniqueIdentifier>{0ceb09a6-d004-4e77-8d23-f879bfeef9f9}</UniqueIdentifier>
    </Filter>
  </ItemGroup>
  <ItemGroup>
    <None Include="Shaders\CommonHeader.hlsli">
      <Filter>Shaders</Filter>
    </None>
    <None Include="Shaders\Sky.hlsl">
      <Filter>Shaders</Filter>
    </None>
    <None Include="Shaders\Main.hlsl">
      <Filter>Shaders</Filter>
    </None>
    <None Include="..\Common\LightingUtil.hlsli">
      <Filter>Shaders</Filter>
    </None>
  </ItemGroup>
</Project>