<?xml version="1.0" encoding="utf-8"?>
<Project ToolsVersion="4.0" xmlns="http://schemas.microsoft.com/developer/msbuild/2003">
  <ItemGroup>
    <Filter Include="Shaders">
      <UniqueIdentifier>{80b16c2c-c7bb-45b3-9c13-85314d1e85b1}</UniqueIdentifier>
    </Filter>
  </ItemGroup>
  <ItemGroup>
    <ClCompile Include="Game.cpp" />
    <ClCompile Include="main.cpp" />
    <ClCompile Include="Mesh.cpp" />
  </ItemGroup>
  <ItemGroup>
    <ClInclude Include="Game.h" />
    <ClInclude Include="Mesh.h" />
  </ItemGroup>
  <ItemGroup>
    <None Include="Shaders\MandelbrotTex.hlsl">
      <Filter>Shaders</Filter>
    </None>
  </ItemGroup>
</Project>